{
  "dependencies": {
    "cookiejar": {
      "version": "1.3.0",
      "resolved": "https://registry.npmjs.org/cookiejar/-/cookiejar-1.3.0.tgz",
      "from": "cookiejar@1.3.0"
    },
    "debug": {
      "version": "0.7.4",
      "resolved": "https://registry.npmjs.org/debug/-/debug-0.7.4.tgz",
      "from": "debug@>=0.7.2 <0.8.0"
    },
    "emitter-component": {
      "version": "1.0.0",
      "resolved": "https://registry.npmjs.org/emitter-component/-/emitter-component-1.0.0.tgz",
      "from": "emitter-component@1.0.0"
    },
    "formidable": {
      "version": "1.0.14",
      "resolved": "https://registry.npmjs.org/formidable/-/formidable-1.0.14.tgz",
      "from": "formidable@1.0.14"
    },
    "jquery": {
      "version": "3.1.1",
      "resolved": "https://registry.npmjs.org/jquery/-/jquery-3.1.1.tgz",
      "from": "jquery@>=1.9.0"
    },
    "linkifyjs": {
      "version": "2.0.2",
      "resolved": "https://registry.npmjs.org/linkifyjs/-/linkifyjs-2.0.2.tgz",
      "from": "linkifyjs@2.0.2"
    },
    "methods": {
      "version": "0.0.1",
      "resolved": "https://registry.npmjs.org/methods/-/methods-0.0.1.tgz",
      "from": "methods@0.0.1"
    },
    "mime": {
      "version": "1.2.5",
      "resolved": "https://registry.npmjs.org/mime/-/mime-1.2.5.tgz",
      "from": "mime@1.2.5"
    },
    "qs": {
      "version": "0.6.5",
      "resolved": "https://registry.npmjs.org/qs/-/qs-0.6.5.tgz",
      "from": "qs@0.6.5"
    },
    "reduce-component": {
      "version": "1.0.1",
      "resolved": "https://registry.npmjs.org/reduce-component/-/reduce-component-1.0.1.tgz",
      "from": "reduce-component@1.0.1"
    },
    "superagent": {
      "version": "0.15.7",
      "resolved": "https://registry.npmjs.org/superagent/-/superagent-0.15.7.tgz",
      "from": "superagent@>=0.15.7 <0.16.0"
    },
    "sweetcaptcha": {
      "version": "0.0.2-1",
      "resolved": "https://registry.npmjs.org/sweetcaptcha/-/sweetcaptcha-0.0.2-1.tgz",
      "from": "sweetcaptcha@0.0.2-1"
    }
  }
}
